// !$*UTF8*$!
{
	archiveVersion = 1;
	classes = {
	};
	objectVersion = 46;
	objects = {

/* Begin PBXBuildFile section */
		96E530CCC687B124F890E2FE /* Pods_presq.framework in Frameworks */ = {isa = PBXBuildFile; fileRef = 3FBC5CC0F713D816F1E588D9 /* Pods_presq.framework */; };
		C16D9BA751CABF6492B716E5 /* Pods_presqTests.framework in Frameworks */ = {isa = PBXBuildFile; fileRef = DD0C5241FEF94E3B953674B5 /* Pods_presqTests.framework */; };
		C7092C831F3FA2FF005FF1E9 /* NOTES in Resources */ = {isa = PBXBuildFile; fileRef = C7092C821F3FA2FF005FF1E9 /* NOTES */; };
		C7092C851F3FA9A6005FF1E9 /* ImageList.swift in Sources */ = {isa = PBXBuildFile; fileRef = C7092C841F3FA9A6005FF1E9 /* ImageList.swift */; };
		C71962B41F2F7DA6000EE238 /* CGSizeExt.swift in Sources */ = {isa = PBXBuildFile; fileRef = C71962B31F2F7DA6000EE238 /* CGSizeExt.swift */; };
		C71962B61F2F7DD7000EE238 /* NSImageExt.swift in Sources */ = {isa = PBXBuildFile; fileRef = C71962B51F2F7DD7000EE238 /* NSImageExt.swift */; };
		C71962B81F2F7E2E000EE238 /* CGImageExt.swift in Sources */ = {isa = PBXBuildFile; fileRef = C71962B71F2F7E2E000EE238 /* CGImageExt.swift */; };
		C763CEF51F26EC6900517756 /* AppDelegate.swift in Sources */ = {isa = PBXBuildFile; fileRef = C763CEF41F26EC6900517756 /* AppDelegate.swift */; };
		C763CEF71F26EC6900517756 /* ViewController.swift in Sources */ = {isa = PBXBuildFile; fileRef = C763CEF61F26EC6900517756 /* ViewController.swift */; };
		C763CEF91F26EC6900517756 /* Assets.xcassets in Resources */ = {isa = PBXBuildFile; fileRef = C763CEF81F26EC6900517756 /* Assets.xcassets */; };
		C763CEFC1F26EC6A00517756 /* Main.storyboard in Resources */ = {isa = PBXBuildFile; fileRef = C763CEFA1F26EC6A00517756 /* Main.storyboard */; };
		C763CF121F26EC9900517756 /* Crawl.swift in Sources */ = {isa = PBXBuildFile; fileRef = C763CF111F26EC9900517756 /* Crawl.swift */; };
		C76753A11F32675F00CB45C6 /* ImageInfo.swift in Sources */ = {isa = PBXBuildFile; fileRef = C76753A01F32675F00CB45C6 /* ImageInfo.swift */; };
		C76753A31F326BF700CB45C6 /* TableDelegateWrapper.swift in Sources */ = {isa = PBXBuildFile; fileRef = C76753A21F326BF700CB45C6 /* TableDelegateWrapper.swift */; };
		C768EF9F1F2FBB6C002EE467 /* UInt64Convertible.swift in Sources */ = {isa = PBXBuildFile; fileRef = C768EF9E1F2FBB6C002EE467 /* UInt64Convertible.swift */; };
		C7C8CDBA1F336F950067D447 /* ImageCache.swift in Sources */ = {isa = PBXBuildFile; fileRef = C7C8CDB91F336F950067D447 /* ImageCache.swift */; };
		C7C8CDBC1F33B6AA0067D447 /* ImageCacheTests.swift in Sources */ = {isa = PBXBuildFile; fileRef = C7C8CDBB1F33B6AA0067D447 /* ImageCacheTests.swift */; };
/* End PBXBuildFile section */

/* Begin PBXContainerItemProxy section */
		C763CF031F26EC6A00517756 /* PBXContainerItemProxy */ = {
			isa = PBXContainerItemProxy;
			containerPortal = C763CEE91F26EC6900517756 /* Project object */;
			proxyType = 1;
			remoteGlobalIDString = C763CEF01F26EC6900517756;
			remoteInfo = presq;
		};
/* End PBXContainerItemProxy section */

/* Begin PBXFileReference section */
		163C87607EE16EB72905A08F /* Pods-presq.debug.xcconfig */ = {isa = PBXFileReference; includeInIndex = 1; lastKnownFileType = text.xcconfig; name = "Pods-presq.debug.xcconfig"; path = "Pods/Target Support Files/Pods-presq/Pods-presq.debug.xcconfig"; sourceTree = "<group>"; };
		341D13F924B3EE2AB05555DF /* Pods-presqTests.debug.xcconfig */ = {isa = PBXFileReference; includeInIndex = 1; lastKnownFileType = text.xcconfig; name = "Pods-presqTests.debug.xcconfig"; path = "Pods/Target Support Files/Pods-presqTests/Pods-presqTests.debug.xcconfig"; sourceTree = "<group>"; };
		36D0B9F122C6A46DBB122BEB /* Pods-presq.release.xcconfig */ = {isa = PBXFileReference; includeInIndex = 1; lastKnownFileType = text.xcconfig; name = "Pods-presq.release.xcconfig"; path = "Pods/Target Support Files/Pods-presq/Pods-presq.release.xcconfig"; sourceTree = "<group>"; };
		3FBC5CC0F713D816F1E588D9 /* Pods_presq.framework */ = {isa = PBXFileReference; explicitFileType = wrapper.framework; includeInIndex = 0; path = Pods_presq.framework; sourceTree = BUILT_PRODUCTS_DIR; };
		B93559089B1B7883759371C0 /* Pods-presqTests.release.xcconfig */ = {isa = PBXFileReference; includeInIndex = 1; lastKnownFileType = text.xcconfig; name = "Pods-presqTests.release.xcconfig"; path = "Pods/Target Support Files/Pods-presqTests/Pods-presqTests.release.xcconfig"; sourceTree = "<group>"; };
		C7092C821F3FA2FF005FF1E9 /* NOTES */ = {isa = PBXFileReference; fileEncoding = 4; lastKnownFileType = text; path = NOTES; sourceTree = "<group>"; };
		C7092C841F3FA9A6005FF1E9 /* ImageList.swift */ = {isa = PBXFileReference; fileEncoding = 4; lastKnownFileType = sourcecode.swift; path = ImageList.swift; sourceTree = "<group>"; };
		C71962B31F2F7DA6000EE238 /* CGSizeExt.swift */ = {isa = PBXFileReference; fileEncoding = 4; lastKnownFileType = sourcecode.swift; path = CGSizeExt.swift; sourceTree = "<group>"; };
		C71962B51F2F7DD7000EE238 /* NSImageExt.swift */ = {isa = PBXFileReference; fileEncoding = 4; lastKnownFileType = sourcecode.swift; path = NSImageExt.swift; sourceTree = "<group>"; };
		C71962B71F2F7E2E000EE238 /* CGImageExt.swift */ = {isa = PBXFileReference; fileEncoding = 4; lastKnownFileType = sourcecode.swift; path = CGImageExt.swift; sourceTree = "<group>"; };
		C763CEF11F26EC6900517756 /* presq.app */ = {isa = PBXFileReference; explicitFileType = wrapper.application; includeInIndex = 0; path = presq.app; sourceTree = BUILT_PRODUCTS_DIR; };
		C763CEF41F26EC6900517756 /* AppDelegate.swift */ = {isa = PBXFileReference; lastKnownFileType = sourcecode.swift; path = AppDelegate.swift; sourceTree = "<group>"; };
		C763CEF61F26EC6900517756 /* ViewController.swift */ = {isa = PBXFileReference; lastKnownFileType = sourcecode.swift; path = ViewController.swift; sourceTree = "<group>"; };
		C763CEF81F26EC6900517756 /* Assets.xcassets */ = {isa = PBXFileReference; lastKnownFileType = folder.assetcatalog; path = Assets.xcassets; sourceTree = "<group>"; };
		C763CEFB1F26EC6A00517756 /* Base */ = {isa = PBXFileReference; lastKnownFileType = file.storyboard; name = Base; path = Base.lproj/Main.storyboard; sourceTree = "<group>"; };
		C763CEFD1F26EC6A00517756 /* Info.plist */ = {isa = PBXFileReference; lastKnownFileType = text.plist.xml; path = Info.plist; sourceTree = "<group>"; };
		C763CF021F26EC6A00517756 /* presqTests.xctest */ = {isa = PBXFileReference; explicitFileType = wrapper.cfbundle; includeInIndex = 0; path = presqTests.xctest; sourceTree = BUILT_PRODUCTS_DIR; };
		C763CF081F26EC6A00517756 /* Info.plist */ = {isa = PBXFileReference; lastKnownFileType = text.plist.xml; path = Info.plist; sourceTree = "<group>"; };
		C763CF111F26EC9900517756 /* Crawl.swift */ = {isa = PBXFileReference; fileEncoding = 4; lastKnownFileType = sourcecode.swift; path = Crawl.swift; sourceTree = "<group>"; };
		C76753A01F32675F00CB45C6 /* ImageInfo.swift */ = {isa = PBXFileReference; fileEncoding = 4; lastKnownFileType = sourcecode.swift; path = ImageInfo.swift; sourceTree = "<group>"; };
		C76753A21F326BF700CB45C6 /* TableDelegateWrapper.swift */ = {isa = PBXFileReference; fileEncoding = 4; lastKnownFileType = sourcecode.swift; path = TableDelegateWrapper.swift; sourceTree = "<group>"; };
		C768EF9E1F2FBB6C002EE467 /* UInt64Convertible.swift */ = {isa = PBXFileReference; fileEncoding = 4; lastKnownFileType = sourcecode.swift; path = UInt64Convertible.swift; sourceTree = "<group>"; };
		C7C8CDB91F336F950067D447 /* ImageCache.swift */ = {isa = PBXFileReference; fileEncoding = 4; lastKnownFileType = sourcecode.swift; path = ImageCache.swift; sourceTree = "<group>"; };
		C7C8CDBB1F33B6AA0067D447 /* ImageCacheTests.swift */ = {isa = PBXFileReference; fileEncoding = 4; lastKnownFileType = sourcecode.swift; path = ImageCacheTests.swift; sourceTree = "<group>"; };
		DD0C5241FEF94E3B953674B5 /* Pods_presqTests.framework */ = {isa = PBXFileReference; explicitFileType = wrapper.framework; includeInIndex = 0; path = Pods_presqTests.framework; sourceTree = BUILT_PRODUCTS_DIR; };
/* End PBXFileReference section */

/* Begin PBXFrameworksBuildPhase section */
		C763CEEE1F26EC6900517756 /* Frameworks */ = {
			isa = PBXFrameworksBuildPhase;
			buildActionMask = 2147483647;
			files = (
				96E530CCC687B124F890E2FE /* Pods_presq.framework in Frameworks */,
			);
			runOnlyForDeploymentPostprocessing = 0;
		};
		C763CEFF1F26EC6A00517756 /* Frameworks */ = {
			isa = PBXFrameworksBuildPhase;
			buildActionMask = 2147483647;
			files = (
				C16D9BA751CABF6492B716E5 /* Pods_presqTests.framework in Frameworks */,
			);
			runOnlyForDeploymentPostprocessing = 0;
		};
/* End PBXFrameworksBuildPhase section */

/* Begin PBXGroup section */
		1ED63872C7850B5875777987 /* Pods */ = {
			isa = PBXGroup;
			children = (
				163C87607EE16EB72905A08F /* Pods-presq.debug.xcconfig */,
				36D0B9F122C6A46DBB122BEB /* Pods-presq.release.xcconfig */,
				341D13F924B3EE2AB05555DF /* Pods-presqTests.debug.xcconfig */,
				B93559089B1B7883759371C0 /* Pods-presqTests.release.xcconfig */,
			);
			name = Pods;
			sourceTree = "<group>";
		};
		4EB0F954B4E1110E6B731F50 /* Frameworks */ = {
			isa = PBXGroup;
			children = (
				3FBC5CC0F713D816F1E588D9 /* Pods_presq.framework */,
				DD0C5241FEF94E3B953674B5 /* Pods_presqTests.framework */,
			);
			name = Frameworks;
			sourceTree = "<group>";
		};
		C71962B21F2F7D7F000EE238 /* Ext */ = {
			isa = PBXGroup;
			children = (
				C71962B31F2F7DA6000EE238 /* CGSizeExt.swift */,
				C71962B51F2F7DD7000EE238 /* NSImageExt.swift */,
				C71962B71F2F7E2E000EE238 /* CGImageExt.swift */,
				C768EF9E1F2FBB6C002EE467 /* UInt64Convertible.swift */,
				C76753A21F326BF700CB45C6 /* TableDelegateWrapper.swift */,
			);
			name = Ext;
			sourceTree = "<group>";
		};
		C763CEE81F26EC6900517756 = {
			isa = PBXGroup;
			children = (
				C7092C821F3FA2FF005FF1E9 /* NOTES */,
				C763CEF31F26EC6900517756 /* presq */,
				C763CF051F26EC6A00517756 /* presqTests */,
				C763CEF21F26EC6900517756 /* Products */,
				1ED63872C7850B5875777987 /* Pods */,
				4EB0F954B4E1110E6B731F50 /* Frameworks */,
			);
			sourceTree = "<group>";
		};
		C763CEF21F26EC6900517756 /* Products */ = {
			isa = PBXGroup;
			children = (
				C763CEF11F26EC6900517756 /* presq.app */,
				C763CF021F26EC6A00517756 /* presqTests.xctest */,
			);
			name = Products;
			sourceTree = "<group>";
		};
		C763CEF31F26EC6900517756 /* presq */ = {
			isa = PBXGroup;
			children = (
				C7D0FBF41F321E0500339B7D /* Images */,
				C71962B21F2F7D7F000EE238 /* Ext */,
				C763CEF41F26EC6900517756 /* AppDelegate.swift */,
				C763CEF61F26EC6900517756 /* ViewController.swift */,
				C763CEF81F26EC6900517756 /* Assets.xcassets */,
				C763CEFA1F26EC6A00517756 /* Main.storyboard */,
				C763CEFD1F26EC6A00517756 /* Info.plist */,
				C763CF111F26EC9900517756 /* Crawl.swift */,
			);
			path = presq;
			sourceTree = "<group>";
		};
		C763CF051F26EC6A00517756 /* presqTests */ = {
			isa = PBXGroup;
			children = (
				C763CF081F26EC6A00517756 /* Info.plist */,
				C7C8CDBB1F33B6AA0067D447 /* ImageCacheTests.swift */,
			);
			path = presqTests;
			sourceTree = "<group>";
		};
		C7D0FBF41F321E0500339B7D /* Images */ = {
			isa = PBXGroup;
			children = (
				C7092C841F3FA9A6005FF1E9 /* ImageList.swift */,
				C76753A01F32675F00CB45C6 /* ImageInfo.swift */,
				C7C8CDB91F336F950067D447 /* ImageCache.swift */,
			);
			name = Images;
			sourceTree = "<group>";
		};
/* End PBXGroup section */

/* Begin PBXNativeTarget section */
		C763CEF01F26EC6900517756 /* presq */ = {
			isa = PBXNativeTarget;
			buildConfigurationList = C763CF0B1F26EC6A00517756 /* Build configuration list for PBXNativeTarget "presq" */;
			buildPhases = (
				154C95650DA1C2167BD02BAA /* [CP] Check Pods Manifest.lock */,
				C763CEED1F26EC6900517756 /* Sources */,
				C763CEEE1F26EC6900517756 /* Frameworks */,
				C763CEEF1F26EC6900517756 /* Resources */,
				1B95D67E8B7E162DB61C8BCA /* [CP] Embed Pods Frameworks */,
				E10521CF9B4EA9CBEF1C6F00 /* [CP] Copy Pods Resources */,
			);
			buildRules = (
			);
			dependencies = (
			);
			name = presq;
			productName = presq;
			productReference = C763CEF11F26EC6900517756 /* presq.app */;
			productType = "com.apple.product-type.application";
		};
		C763CF011F26EC6A00517756 /* presqTests */ = {
			isa = PBXNativeTarget;
			buildConfigurationList = C763CF0E1F26EC6A00517756 /* Build configuration list for PBXNativeTarget "presqTests" */;
			buildPhases = (
				F1C35CFABADFFE69069C2D57 /* [CP] Check Pods Manifest.lock */,
				C763CEFE1F26EC6A00517756 /* Sources */,
				C763CEFF1F26EC6A00517756 /* Frameworks */,
				C763CF001F26EC6A00517756 /* Resources */,
				00EE316C8B397317F355338C /* [CP] Embed Pods Frameworks */,
				0765BF7EA60AF27E64F70879 /* [CP] Copy Pods Resources */,
			);
			buildRules = (
			);
			dependencies = (
				C763CF041F26EC6A00517756 /* PBXTargetDependency */,
			);
			name = presqTests;
			productName = presqTests;
			productReference = C763CF021F26EC6A00517756 /* presqTests.xctest */;
			productType = "com.apple.product-type.bundle.unit-test";
		};
/* End PBXNativeTarget section */

/* Begin PBXProject section */
		C763CEE91F26EC6900517756 /* Project object */ = {
			isa = PBXProject;
			attributes = {
				LastSwiftUpdateCheck = 0830;
				LastUpgradeCheck = 0830;
				ORGANIZATIONNAME = "George Madrid";
				TargetAttributes = {
					C763CEF01F26EC6900517756 = {
						CreatedOnToolsVersion = 8.3.3;
						DevelopmentTeam = ZG5JDA6E6A;
						ProvisioningStyle = Automatic;
					};
					C763CF011F26EC6A00517756 = {
						CreatedOnToolsVersion = 8.3.3;
						DevelopmentTeam = ZG5JDA6E6A;
						ProvisioningStyle = Automatic;
						TestTargetID = C763CEF01F26EC6900517756;
					};
				};
			};
			buildConfigurationList = C763CEEC1F26EC6900517756 /* Build configuration list for PBXProject "presq" */;
			compatibilityVersion = "Xcode 3.2";
			developmentRegion = English;
			hasScannedForEncodings = 0;
			knownRegions = (
				en,
				Base,
			);
			mainGroup = C763CEE81F26EC6900517756;
			productRefGroup = C763CEF21F26EC6900517756 /* Products */;
			projectDirPath = "";
			projectRoot = "";
			targets = (
				C763CEF01F26EC6900517756 /* presq */,
				C763CF011F26EC6A00517756 /* presqTests */,
			);
		};
/* End PBXProject section */

/* Begin PBXResourcesBuildPhase section */
		C763CEEF1F26EC6900517756 /* Resources */ = {
			isa = PBXResourcesBuildPhase;
			buildActionMask = 2147483647;
			files = (
				C7092C831F3FA2FF005FF1E9 /* NOTES in Resources */,
				C763CEF91F26EC6900517756 /* Assets.xcassets in Resources */,
				C763CEFC1F26EC6A00517756 /* Main.storyboard in Resources */,
			);
			runOnlyForDeploymentPostprocessing = 0;
		};
		C763CF001F26EC6A00517756 /* Resources */ = {
			isa = PBXResourcesBuildPhase;
			buildActionMask = 2147483647;
			files = (
			);
			runOnlyForDeploymentPostprocessing = 0;
		};
/* End PBXResourcesBuildPhase section */

/* Begin PBXShellScriptBuildPhase section */
		00EE316C8B397317F355338C /* [CP] Embed Pods Frameworks */ = {
			isa = PBXShellScriptBuildPhase;
			buildActionMask = 2147483647;
			files = (
			);
			inputPaths = (
			);
			name = "[CP] Embed Pods Frameworks";
			outputPaths = (
			);
			runOnlyForDeploymentPostprocessing = 0;
			shellPath = /bin/sh;
			shellScript = "\"${SRCROOT}/Pods/Target Support Files/Pods-presqTests/Pods-presqTests-frameworks.sh\"\n";
			showEnvVarsInLog = 0;
		};
		0765BF7EA60AF27E64F70879 /* [CP] Copy Pods Resources */ = {
			isa = PBXShellScriptBuildPhase;
			buildActionMask = 2147483647;
			files = (
			);
			inputPaths = (
			);
			name = "[CP] Copy Pods Resources";
			outputPaths = (
			);
			runOnlyForDeploymentPostprocessing = 0;
			shellPath = /bin/sh;
			shellScript = "\"${SRCROOT}/Pods/Target Support Files/Pods-presqTests/Pods-presqTests-resources.sh\"\n";
			showEnvVarsInLog = 0;
		};
		154C95650DA1C2167BD02BAA /* [CP] Check Pods Manifest.lock */ = {
			isa = PBXShellScriptBuildPhase;
			buildActionMask = 2147483647;
			files = (
			);
			inputPaths = (
				"${PODS_PODFILE_DIR_PATH}/Podfile.lock",
				"${PODS_ROOT}/Manifest.lock",
			);
			name = "[CP] Check Pods Manifest.lock";
			outputPaths = (
				"$(DERIVED_FILE_DIR)/Pods-presq-checkManifestLockResult.txt",
			);
			runOnlyForDeploymentPostprocessing = 0;
			shellPath = /bin/sh;
			shellScript = "diff \"${PODS_PODFILE_DIR_PATH}/Podfile.lock\" \"${PODS_ROOT}/Manifest.lock\" > /dev/null\nif [ $? != 0 ] ; then\n    # print error to STDERR\n    echo \"error: The sandbox is not in sync with the Podfile.lock. Run 'pod install' or update your CocoaPods installation.\" >&2\n    exit 1\nfi\n# This output is used by Xcode 'outputs' to avoid re-running this script phase.\necho \"SUCCESS\" > \"${SCRIPT_OUTPUT_FILE_0}\"\n";
			showEnvVarsInLog = 0;
		};
		1B95D67E8B7E162DB61C8BCA /* [CP] Embed Pods Frameworks */ = {
			isa = PBXShellScriptBuildPhase;
			buildActionMask = 2147483647;
			files = (
			);
			inputPaths = (
				"${SRCROOT}/Pods/Target Support Files/Pods-presq/Pods-presq-frameworks.sh",
				"${BUILT_PRODUCTS_DIR}/RxCocoa/RxCocoa.framework",
				"${BUILT_PRODUCTS_DIR}/RxSwift/RxSwift.framework",
			);
			name = "[CP] Embed Pods Frameworks";
			outputPaths = (
				"${TARGET_BUILD_DIR}/${FRAMEWORKS_FOLDER_PATH}/RxCocoa.framework",
				"${TARGET_BUILD_DIR}/${FRAMEWORKS_FOLDER_PATH}/RxSwift.framework",
			);
			runOnlyForDeploymentPostprocessing = 0;
			shellPath = /bin/sh;
			shellScript = "\"${SRCROOT}/Pods/Target Support Files/Pods-presq/Pods-presq-frameworks.sh\"\n";
			showEnvVarsInLog = 0;
		};
		E10521CF9B4EA9CBEF1C6F00 /* [CP] Copy Pods Resources */ = {
			isa = PBXShellScriptBuildPhase;
			buildActionMask = 2147483647;
			files = (
			);
			inputPaths = (
			);
			name = "[CP] Copy Pods Resources";
			outputPaths = (
			);
			runOnlyForDeploymentPostprocessing = 0;
			shellPath = /bin/sh;
			shellScript = "\"${SRCROOT}/Pods/Target Support Files/Pods-presq/Pods-presq-resources.sh\"\n";
			showEnvVarsInLog = 0;
		};
		F1C35CFABADFFE69069C2D57 /* [CP] Check Pods Manifest.lock */ = {
			isa = PBXShellScriptBuildPhase;
			buildActionMask = 2147483647;
			files = (
			);
			inputPaths = (
				"${PODS_PODFILE_DIR_PATH}/Podfile.lock",
				"${PODS_ROOT}/Manifest.lock",
			);
			name = "[CP] Check Pods Manifest.lock";
			outputPaths = (
				"$(DERIVED_FILE_DIR)/Pods-presqTests-checkManifestLockResult.txt",
			);
			runOnlyForDeploymentPostprocessing = 0;
			shellPath = /bin/sh;
			shellScript = "diff \"${PODS_PODFILE_DIR_PATH}/Podfile.lock\" \"${PODS_ROOT}/Manifest.lock\" > /dev/null\nif [ $? != 0 ] ; then\n    # print error to STDERR\n    echo \"error: The sandbox is not in sync with the Podfile.lock. Run 'pod install' or update your CocoaPods installation.\" >&2\n    exit 1\nfi\n# This output is used by Xcode 'outputs' to avoid re-running this script phase.\necho \"SUCCESS\" > \"${SCRIPT_OUTPUT_FILE_0}\"\n";
			showEnvVarsInLog = 0;
		};
/* End PBXShellScriptBuildPhase section */

/* Begin PBXSourcesBuildPhase section */
		C763CEED1F26EC6900517756 /* Sources */ = {
			isa = PBXSourcesBuildPhase;
			buildActionMask = 2147483647;
			files = (
				C71962B41F2F7DA6000EE238 /* CGSizeExt.swift in Sources */,
				C7C8CDBA1F336F950067D447 /* ImageCache.swift in Sources */,
				C763CF121F26EC9900517756 /* Crawl.swift in Sources */,
				C763CEF71F26EC6900517756 /* ViewController.swift in Sources */,
				C768EF9F1F2FBB6C002EE467 /* UInt64Convertible.swift in Sources */,
				C76753A31F326BF700CB45C6 /* TableDelegateWrapper.swift in Sources */,
				C71962B81F2F7E2E000EE238 /* CGImageExt.swift in Sources */,
				C76753A11F32675F00CB45C6 /* ImageInfo.swift in Sources */,
				C7092C851F3FA9A6005FF1E9 /* ImageList.swift in Sources */,
				C71962B61F2F7DD7000EE238 /* NSImageExt.swift in Sources */,
				C763CEF51F26EC6900517756 /* AppDelegate.swift in Sources */,
			);
			runOnlyForDeploymentPostprocessing = 0;
		};
		C763CEFE1F26EC6A00517756 /* Sources */ = {
			isa = PBXSourcesBuildPhase;
			buildActionMask = 2147483647;
			files = (
				C7C8CDBC1F33B6AA0067D447 /* ImageCacheTests.swift in Sources */,
			);
			runOnlyForDeploymentPostprocessing = 0;
		};
/* End PBXSourcesBuildPhase section */

/* Begin PBXTargetDependency section */
		C763CF041F26EC6A00517756 /* PBXTargetDependency */ = {
			isa = PBXTargetDependency;
			target = C763CEF01F26EC6900517756 /* presq */;
			targetProxy = C763CF031F26EC6A00517756 /* PBXContainerItemProxy */;
		};
/* End PBXTargetDependency section */

/* Begin PBXVariantGroup section */
		C763CEFA1F26EC6A00517756 /* Main.storyboard */ = {
			isa = PBXVariantGroup;
			children = (
				C763CEFB1F26EC6A00517756 /* Base */,
			);
			name = Main.storyboard;
			sourceTree = "<group>";
		};
/* End PBXVariantGroup section */

/* Begin XCBuildConfiguration section */
		C763CF091F26EC6A00517756 /* Debug */ = {
			isa = XCBuildConfiguration;
			buildSettings = {
				ALWAYS_SEARCH_USER_PATHS = NO;
				CLANG_ANALYZER_NONNULL = YES;
				CLANG_ANALYZER_NUMBER_OBJECT_CONVERSION = YES_AGGRESSIVE;
				CLANG_CXX_LANGUAGE_STANDARD = "gnu++0x";
				CLANG_CXX_LIBRARY = "libc++";
				CLANG_ENABLE_MODULES = YES;
				CLANG_ENABLE_OBJC_ARC = YES;
				CLANG_WARN_BOOL_CONVERSION = YES;
				CLANG_WARN_CONSTANT_CONVERSION = YES;
				CLANG_WARN_DIRECT_OBJC_ISA_USAGE = YES_ERROR;
				CLANG_WARN_DOCUMENTATION_COMMENTS = YES;
				CLANG_WARN_EMPTY_BODY = YES;
				CLANG_WARN_ENUM_CONVERSION = YES;
				CLANG_WARN_INFINITE_RECURSION = YES;
				CLANG_WARN_INT_CONVERSION = YES;
				CLANG_WARN_OBJC_ROOT_CLASS = YES_ERROR;
				CLANG_WARN_SUSPICIOUS_MOVE = YES;
				CLANG_WARN_UNREACHABLE_CODE = YES;
				CLANG_WARN__DUPLICATE_METHOD_MATCH = YES;
				CODE_SIGN_IDENTITY = "-";
				COPY_PHASE_STRIP = NO;
				DEBUG_INFORMATION_FORMAT = dwarf;
				ENABLE_STRICT_OBJC_MSGSEND = YES;
				ENABLE_TESTABILITY = YES;
				GCC_C_LANGUAGE_STANDARD = gnu99;
				GCC_DYNAMIC_NO_PIC = NO;
				GCC_NO_COMMON_BLOCKS = YES;
				GCC_OPTIMIZATION_LEVEL = 0;
				GCC_PREPROCESSOR_DEFINITIONS = (
					"DEBUG=1",
					"$(inherited)",
				);
				GCC_WARN_64_TO_32_BIT_CONVERSION = YES;
				GCC_WARN_ABOUT_RETURN_TYPE = YES_ERROR;
				GCC_WARN_UNDECLARED_SELECTOR = YES;
				GCC_WARN_UNINITIALIZED_AUTOS = YES_AGGRESSIVE;
				GCC_WARN_UNUSED_FUNCTION = YES;
				GCC_WARN_UNUSED_VARIABLE = YES;
				MACOSX_DEPLOYMENT_TARGET = 10.12;
				MTL_ENABLE_DEBUG_INFO = YES;
				ONLY_ACTIVE_ARCH = YES;
				SDKROOT = macosx;
				SWIFT_ACTIVE_COMPILATION_CONDITIONS = DEBUG;
				SWIFT_OPTIMIZATION_LEVEL = "-Onone";
			};
			name = Debug;
		};
		C763CF0A1F26EC6A00517756 /* Release */ = {
			isa = XCBuildConfiguration;
			buildSettings = {
				ALWAYS_SEARCH_USER_PATHS = NO;
				CLANG_ANALYZER_NONNULL = YES;
				CLANG_ANALYZER_NUMBER_OBJECT_CONVERSION = YES_AGGRESSIVE;
				CLANG_CXX_LANGUAGE_STANDARD = "gnu++0x";
				CLANG_CXX_LIBRARY = "libc++";
				CLANG_ENABLE_MODULES = YES;
				CLANG_ENABLE_OBJC_ARC = YES;
				CLANG_WARN_BOOL_CONVERSION = YES;
				CLANG_WARN_CONSTANT_CONVERSION = YES;
				CLANG_WARN_DIRECT_OBJC_ISA_USAGE = YES_ERROR;
				CLANG_WARN_DOCUMENTATION_COMMENTS = YES;
				CLANG_WARN_EMPTY_BODY = YES;
				CLANG_WARN_ENUM_CONVERSION = YES;
				CLANG_WARN_INFINITE_RECURSION = YES;
				CLANG_WARN_INT_CONVERSION = YES;
				CLANG_WARN_OBJC_ROOT_CLASS = YES_ERROR;
				CLANG_WARN_SUSPICIOUS_MOVE = YES;
				CLANG_WARN_UNREACHABLE_CODE = YES;
				CLANG_WARN__DUPLICATE_METHOD_MATCH = YES;
				CODE_SIGN_IDENTITY = "-";
				COPY_PHASE_STRIP = NO;
				DEBUG_INFORMATION_FORMAT = "dwarf-with-dsym";
				ENABLE_NS_ASSERTIONS = NO;
				ENABLE_STRICT_OBJC_MSGSEND = YES;
				GCC_C_LANGUAGE_STANDARD = gnu99;
				GCC_NO_COMMON_BLOCKS = YES;
				GCC_WARN_64_TO_32_BIT_CONVERSION = YES;
				GCC_WARN_ABOUT_RETURN_TYPE = YES_ERROR;
				GCC_WARN_UNDECLARED_SELECTOR = YES;
				GCC_WARN_UNINITIALIZED_AUTOS = YES_AGGRESSIVE;
				GCC_WARN_UNUSED_FUNCTION = YES;
				GCC_WARN_UNUSED_VARIABLE = YES;
				MACOSX_DEPLOYMENT_TARGET = 10.12;
				MTL_ENABLE_DEBUG_INFO = NO;
				SDKROOT = macosx;
				SWIFT_OPTIMIZATION_LEVEL = "-Owholemodule";
			};
			name = Release;
		};
		C763CF0C1F26EC6A00517756 /* Debug */ = {
			isa = XCBuildConfiguration;
			baseConfigurationReference = 163C87607EE16EB72905A08F /* Pods-presq.debug.xcconfig */;
			buildSettings = {
				ASSETCATALOG_COMPILER_APPICON_NAME = AppIcon;
				COMBINE_HIDPI_IMAGES = YES;
				DEVELOPMENT_TEAM = ZG5JDA6E6A;
				INFOPLIST_FILE = presq/Info.plist;
				LD_RUNPATH_SEARCH_PATHS = "$(inherited) @executable_path/../Frameworks";
				PRODUCT_BUNDLE_IDENTIFIER = com.scrawlsoft.presq;
				PRODUCT_NAME = "$(TARGET_NAME)";
				SWIFT_VERSION = 3.0;
			};
			name = Debug;
		};
		C763CF0D1F26EC6A00517756 /* Release */ = {
			isa = XCBuildConfiguration;
			baseConfigurationReference = 36D0B9F122C6A46DBB122BEB /* Pods-presq.release.xcconfig */;
			buildSettings = {
				ASSETCATALOG_COMPILER_APPICON_NAME = AppIcon;
				COMBINE_HIDPI_IMAGES = YES;
				DEVELOPMENT_TEAM = ZG5JDA6E6A;
				INFOPLIST_FILE = presq/Info.plist;
				LD_RUNPATH_SEARCH_PATHS = "$(inherited) @executable_path/../Frameworks";
				PRODUCT_BUNDLE_IDENTIFIER = com.scrawlsoft.presq;
				PRODUCT_NAME = "$(TARGET_NAME)";
				SWIFT_VERSION = 3.0;
			};
			name = Release;
		};
		C763CF0F1F26EC6A00517756 /* Debug */ = {
			isa = XCBuildConfiguration;
			baseConfigurationReference = 341D13F924B3EE2AB05555DF /* Pods-presqTests.debug.xcconfig */;
			buildSettings = {
				ALWAYS_EMBED_SWIFT_STANDARD_LIBRARIES = YES;
				BUNDLE_LOADER = "$(TEST_HOST)";
				COMBINE_HIDPI_IMAGES = YES;
				DEVELOPMENT_TEAM = ZG5JDA6E6A;
				INFOPLIST_FILE = presqTests/Info.plist;
				LD_RUNPATH_SEARCH_PATHS = "$(inherited) @executable_path/../Frameworks @loader_path/../Frameworks";
				PRODUCT_BUNDLE_IDENTIFIER = com.scrawlsoft.presqTests;
				PRODUCT_NAME = "$(TARGET_NAME)";
				SWIFT_VERSION = 3.0;
				TEST_HOST = "$(BUILT_PRODUCTS_DIR)/presq.app/Contents/MacOS/presq";
			};
			name = Debug;
		};
		C763CF101F26EC6A00517756 /* Release */ = {
			isa = XCBuildConfiguration;
			baseConfigurationReference = B93559089B1B7883759371C0 /* Pods-presqTests.release.xcconfig */;
			buildSettings = {
				ALWAYS_EMBED_SWIFT_STANDARD_LIBRARIES = YES;
				BUNDLE_LOADER = "$(TEST_HOST)";
				COMBINE_HIDPI_IMAGES = YES;
				DEVELOPMENT_TEAM = ZG5JDA6E6A;
				INFOPLIST_FILE = presqTests/Info.plist;
				LD_RUNPATH_SEARCH_PATHS = "$(inherited) @executable_path/../Frameworks @loader_path/../Frameworks";
				PRODUCT_BUNDLE_IDENTIFIER = com.scrawlsoft.presqTests;
				PRODUCT_NAME = "$(TARGET_NAME)";
				SWIFT_VERSION = 3.0;
				TEST_HOST = "$(BUILT_PRODUCTS_DIR)/presq.app/Contents/MacOS/presq";
			};
			name = Release;
		};
/* End XCBuildConfiguration section */

/* Begin XCConfigurationList section */
		C763CEEC1F26EC6900517756 /* Build configuration list for PBXProject "presq" */ = {
			isa = XCConfigurationList;
			buildConfigurations = (
				C763CF091F26EC6A00517756 /* Debug */,
				C763CF0A1F26EC6A00517756 /* Release */,
			);
			defaultConfigurationIsVisible = 0;
			defaultConfigurationName = Release;
		};
		C763CF0B1F26EC6A00517756 /* Build configuration list for PBXNativeTarget "presq" */ = {
			isa = XCConfigurationList;
			buildConfigurations = (
				C763CF0C1F26EC6A00517756 /* Debug */,
				C763CF0D1F26EC6A00517756 /* Release */,
			);
			defaultConfigurationIsVisible = 0;
			defaultConfigurationName = Release;
		};
		C763CF0E1F26EC6A00517756 /* Build configuration list for PBXNativeTarget "presqTests" */ = {
			isa = XCConfigurationList;
			buildConfigurations = (
				C763CF0F1F26EC6A00517756 /* Debug */,
				C763CF101F26EC6A00517756 /* Release */,
			);
			defaultConfigurationIsVisible = 0;
			defaultConfigurationName = Release;
		};
/* End XCConfigurationList section */
	};
	rootObject = C763CEE91F26EC6900517756 /* Project object */;
}
